Microsoft Visual Studio Solution File, Format Version 12.00
# Visual Studio Version 17
VisualStudioVersion = 17.5.2.0
MinimumVisualStudioVersion = 10.0.40219.1
Project("{FAE04EC0-301F-11D3-BF4B-00C04F79EFBC}") = "InterviewRecorder", "InterviewRecorder.csproj", "{C34334E2-9A5B-DE63-D95B-E1958CA69C71}"
EndProject
Global
	GlobalSection(SolutionConfigurationPlatforms) = preSolution
		Debug|Any CPU = Debug|Any CPU
		Release|Any CPU = Release|Any CPU
	EndGlobalSection
	GlobalSection(ProjectConfigurationPlatforms) = postSolution
		{C34334E2-9A5B-DE63-D95B-E1958CA69C71}.Debug|Any CPU.ActiveCfg = Debug|Any CPU
		{C34334E2-9A5B-DE63-D95B-E1958CA69C71}.Debug|Any CPU.Build.0 = Debug|Any CPU
		{C34334E2-9A5B-DE63-D95B-E1958CA69C71}.Release|Any CPU.ActiveCfg = Release|Any CPU
		{C34334E2-9A5B-DE63-D95B-E1958CA69C71}.Release|Any CPU.Build.0 = Release|Any CPU
	EndGlobalSection
	GlobalSection(SolutionProperties) = preSolution
		HideSolutionNode = FALSE
	EndGlobalSection
	GlobalSection(ExtensibilityGlobals) = postSolution
		SolutionGuid = {02AFFEC8-5D79-4C03-948B-E87B0D0D6984}
	EndGlobalSection
EndGlobal
